// !$*UTF8*$!
{
	archiveVersion = 1;
	classes = {
	};
	objectVersion = 46;
	objects = {

/* Begin PBXBuildFile section */
		141DEAAA1CE8E1DB0043B47B /* Configuration.swift in Sources */ = {isa = PBXBuildFile; fileRef = 141DEAA91CE8E1DB0043B47B /* Configuration.swift */; };
		141DEAAC1CE8E6810043B47B /* Array.swift in Sources */ = {isa = PBXBuildFile; fileRef = 141DEAAB1CE8E6810043B47B /* Array.swift */; };
		141DEAAF1CE8ED9E0043B47B /* CallbackProtocol.swift in Sources */ = {isa = PBXBuildFile; fileRef = 141DEAAE1CE8ED9E0043B47B /* CallbackProtocol.swift */; };
		141DEAB71CE9618E0043B47B /* Interface.storyboard in Resources */ = {isa = PBXBuildFile; fileRef = 141DEAB51CE9618E0043B47B /* Interface.storyboard */; };
		141DEAB91CE9618E0043B47B /* Assets.xcassets in Resources */ = {isa = PBXBuildFile; fileRef = 141DEAB81CE9618E0043B47B /* Assets.xcassets */; };
		141DEAC01CE9618E0043B47B /* Watch Extension.appex in Embed App Extensions */ = {isa = PBXBuildFile; fileRef = 141DEABF1CE9618E0043B47B /* Watch Extension.appex */; settings = {ATTRIBUTES = (RemoveHeadersOnCopy, ); }; };
		141DEAC51CE9618E0043B47B /* InterfaceController.swift in Sources */ = {isa = PBXBuildFile; fileRef = 141DEAC41CE9618E0043B47B /* InterfaceController.swift */; };
		141DEAC71CE9618E0043B47B /* ExtensionDelegate.swift in Sources */ = {isa = PBXBuildFile; fileRef = 141DEAC61CE9618E0043B47B /* ExtensionDelegate.swift */; };
		141DEAC91CE9618E0043B47B /* Assets.xcassets in Resources */ = {isa = PBXBuildFile; fileRef = 141DEAC81CE9618E0043B47B /* Assets.xcassets */; };
		141DEACD1CE9618E0043B47B /* Watch.app in Embed Watch Content */ = {isa = PBXBuildFile; fileRef = 141DEAB31CE9618D0043B47B /* Watch.app */; };
		141DEADD1CE9A9930043B47B /* RelativeNote.swift in Sources */ = {isa = PBXBuildFile; fileRef = 1487B44C1CE8563100734F78 /* RelativeNote.swift */; };
		141DEADE1CE9A9930043B47B /* AbsoluteNote.swift in Sources */ = {isa = PBXBuildFile; fileRef = 1487B44E1CE856A000734F78 /* AbsoluteNote.swift */; };
		141DEADF1CE9A9930043B47B /* Chord.swift in Sources */ = {isa = PBXBuildFile; fileRef = 14A129AE1CE1896B0026B986 /* Chord.swift */; };
		141DEAE01CE9A9930043B47B /* ChordProgression.swift in Sources */ = {isa = PBXBuildFile; fileRef = 14A129B01CE18A020026B986 /* ChordProgression.swift */; };
		141DEAE11CE9A9B10043B47B /* Constants.swift in Sources */ = {isa = PBXBuildFile; fileRef = 14BA0A291CE45841008D7A51 /* Constants.swift */; };
		141DEAE21CE9A9B10043B47B /* Configuration.swift in Sources */ = {isa = PBXBuildFile; fileRef = 141DEAA91CE8E1DB0043B47B /* Configuration.swift */; };
		141DEAE31CE9A9B10043B47B /* Helper.swift in Sources */ = {isa = PBXBuildFile; fileRef = 145169921CE45DE2009A4AFD /* Helper.swift */; };
		141DEAE51CE9AE860043B47B /* WatchSessionManager.swift in Sources */ = {isa = PBXBuildFile; fileRef = 141DEAE41CE9AE860043B47B /* WatchSessionManager.swift */; };
		141DEAEB1CEAC1350043B47B /* WatchSessionManager.swift in Sources */ = {isa = PBXBuildFile; fileRef = 141DEAE71CEA01DC0043B47B /* WatchSessionManager.swift */; };
		14302FA61CE1B5D900627562 /* chordData.csv in Resources */ = {isa = PBXBuildFile; fileRef = 14302FA51CE1B5D900627562 /* chordData.csv */; };
		145169931CE45DE2009A4AFD /* Helper.swift in Sources */ = {isa = PBXBuildFile; fileRef = 145169921CE45DE2009A4AFD /* Helper.swift */; };
		1487B44D1CE8563100734F78 /* RelativeNote.swift in Sources */ = {isa = PBXBuildFile; fileRef = 1487B44C1CE8563100734F78 /* RelativeNote.swift */; };
		1487B44F1CE856A000734F78 /* AbsoluteNote.swift in Sources */ = {isa = PBXBuildFile; fileRef = 1487B44E1CE856A000734F78 /* AbsoluteNote.swift */; };
		1487B4701CE8A2E900734F78 /* SettingViewController.swift in Sources */ = {isa = PBXBuildFile; fileRef = 1487B46F1CE8A2E900734F78 /* SettingViewController.swift */; };
		1487B4741CE8A69300734F78 /* SettingTableViewController.swift in Sources */ = {isa = PBXBuildFile; fileRef = 1487B4731CE8A69300734F78 /* SettingTableViewController.swift */; };
		14A129AF1CE1896B0026B986 /* Chord.swift in Sources */ = {isa = PBXBuildFile; fileRef = 14A129AE1CE1896B0026B986 /* Chord.swift */; };
		14A129B11CE18A020026B986 /* ChordProgression.swift in Sources */ = {isa = PBXBuildFile; fileRef = 14A129B01CE18A020026B986 /* ChordProgression.swift */; };
		14A14C971CE176740043E54E /* AppDelegate.swift in Sources */ = {isa = PBXBuildFile; fileRef = 14A14C961CE176740043E54E /* AppDelegate.swift */; };
		14A14C991CE176740043E54E /* MasterViewController.swift in Sources */ = {isa = PBXBuildFile; fileRef = 14A14C981CE176740043E54E /* MasterViewController.swift */; };
		14A14C9B1CE176740043E54E /* DetailViewController.swift in Sources */ = {isa = PBXBuildFile; fileRef = 14A14C9A1CE176740043E54E /* DetailViewController.swift */; };
		14A14C9E1CE176740043E54E /* Main.storyboard in Resources */ = {isa = PBXBuildFile; fileRef = 14A14C9C1CE176740043E54E /* Main.storyboard */; };
		14A14CA01CE176740043E54E /* Assets.xcassets in Resources */ = {isa = PBXBuildFile; fileRef = 14A14C9F1CE176740043E54E /* Assets.xcassets */; };
		14A14CA31CE176740043E54E /* LaunchScreen.storyboard in Resources */ = {isa = PBXBuildFile; fileRef = 14A14CA11CE176740043E54E /* LaunchScreen.storyboard */; };
		14BA0A2A1CE45841008D7A51 /* Constants.swift in Sources */ = {isa = PBXBuildFile; fileRef = 14BA0A291CE45841008D7A51 /* Constants.swift */; };
		5AE90E923A61F7F9408B9DDD /* Pods_ChordBox.framework in Frameworks */ = {isa = PBXBuildFile; fileRef = A6C9C8FAD0719D5DCE538783 /* Pods_ChordBox.framework */; };
/* End PBXBuildFile section */

/* Begin PBXContainerItemProxy section */
		141DEAC11CE9618E0043B47B /* PBXContainerItemProxy */ = {
			isa = PBXContainerItemProxy;
			containerPortal = 14A14C8B1CE176740043E54E /* Project object */;
			proxyType = 1;
			remoteGlobalIDString = 141DEABE1CE9618E0043B47B;
			remoteInfo = "Watch Extension";
		};
		141DEACB1CE9618E0043B47B /* PBXContainerItemProxy */ = {
			isa = PBXContainerItemProxy;
			containerPortal = 14A14C8B1CE176740043E54E /* Project object */;
			proxyType = 1;
			remoteGlobalIDString = 141DEAB21CE9618D0043B47B;
			remoteInfo = Watch;
		};
/* End PBXContainerItemProxy section */

/* Begin PBXCopyFilesBuildPhase section */
		141DEAD11CE9618E0043B47B /* Embed App Extensions */ = {
			isa = PBXCopyFilesBuildPhase;
			buildActionMask = 2147483647;
			dstPath = "";
			dstSubfolderSpec = 13;
			files = (
				141DEAC01CE9618E0043B47B /* Watch Extension.appex in Embed App Extensions */,
			);
			name = "Embed App Extensions";
			runOnlyForDeploymentPostprocessing = 0;
		};
		141DEAD51CE9618E0043B47B /* Embed Watch Content */ = {
			isa = PBXCopyFilesBuildPhase;
			buildActionMask = 2147483647;
			dstPath = "$(CONTENTS_FOLDER_PATH)/Watch";
			dstSubfolderSpec = 16;
			files = (
				141DEACD1CE9618E0043B47B /* Watch.app in Embed Watch Content */,
			);
			name = "Embed Watch Content";
			runOnlyForDeploymentPostprocessing = 0;
		};
/* End PBXCopyFilesBuildPhase section */

/* Begin PBXFileReference section */
		141DEAA91CE8E1DB0043B47B /* Configuration.swift */ = {isa = PBXFileReference; fileEncoding = 4; lastKnownFileType = sourcecode.swift; path = Configuration.swift; sourceTree = "<group>"; };
		141DEAAB1CE8E6810043B47B /* Array.swift */ = {isa = PBXFileReference; fileEncoding = 4; lastKnownFileType = sourcecode.swift; path = Array.swift; sourceTree = "<group>"; };
		141DEAAE1CE8ED9E0043B47B /* CallbackProtocol.swift */ = {isa = PBXFileReference; fileEncoding = 4; lastKnownFileType = sourcecode.swift; path = CallbackProtocol.swift; sourceTree = "<group>"; };
		141DEAB31CE9618D0043B47B /* Watch.app */ = {isa = PBXFileReference; explicitFileType = wrapper.application; includeInIndex = 0; path = Watch.app; sourceTree = BUILT_PRODUCTS_DIR; };
		141DEAB61CE9618E0043B47B /* Base */ = {isa = PBXFileReference; lastKnownFileType = file.storyboard; name = Base; path = Base.lproj/Interface.storyboard; sourceTree = "<group>"; };
		141DEAB81CE9618E0043B47B /* Assets.xcassets */ = {isa = PBXFileReference; lastKnownFileType = folder.assetcatalog; path = Assets.xcassets; sourceTree = "<group>"; };
		141DEABA1CE9618E0043B47B /* Info.plist */ = {isa = PBXFileReference; lastKnownFileType = text.plist.xml; path = Info.plist; sourceTree = "<group>"; };
		141DEABF1CE9618E0043B47B /* Watch Extension.appex */ = {isa = PBXFileReference; explicitFileType = "wrapper.app-extension"; includeInIndex = 0; path = "Watch Extension.appex"; sourceTree = BUILT_PRODUCTS_DIR; };
		141DEAC41CE9618E0043B47B /* InterfaceController.swift */ = {isa = PBXFileReference; lastKnownFileType = sourcecode.swift; path = InterfaceController.swift; sourceTree = "<group>"; };
		141DEAC61CE9618E0043B47B /* ExtensionDelegate.swift */ = {isa = PBXFileReference; lastKnownFileType = sourcecode.swift; path = ExtensionDelegate.swift; sourceTree = "<group>"; };
		141DEAC81CE9618E0043B47B /* Assets.xcassets */ = {isa = PBXFileReference; lastKnownFileType = folder.assetcatalog; path = Assets.xcassets; sourceTree = "<group>"; };
		141DEACA1CE9618E0043B47B /* Info.plist */ = {isa = PBXFileReference; lastKnownFileType = text.plist.xml; path = Info.plist; sourceTree = "<group>"; };
		141DEADA1CE9A62F0043B47B /* Watch Extension.entitlements */ = {isa = PBXFileReference; lastKnownFileType = text.xml; path = "Watch Extension.entitlements"; sourceTree = "<group>"; };
		141DEADB1CE9A6DB0043B47B /* ChordBox.entitlements */ = {isa = PBXFileReference; lastKnownFileType = text.xml; path = ChordBox.entitlements; sourceTree = "<group>"; };
		141DEAE41CE9AE860043B47B /* WatchSessionManager.swift */ = {isa = PBXFileReference; fileEncoding = 4; lastKnownFileType = sourcecode.swift; path = WatchSessionManager.swift; sourceTree = "<group>"; };
		141DEAE71CEA01DC0043B47B /* WatchSessionManager.swift */ = {isa = PBXFileReference; fileEncoding = 4; lastKnownFileType = sourcecode.swift; path = WatchSessionManager.swift; sourceTree = "<group>"; };
		14302FA51CE1B5D900627562 /* chordData.csv */ = {isa = PBXFileReference; fileEncoding = 4; lastKnownFileType = text; path = chordData.csv; sourceTree = "<group>"; };
		145169921CE45DE2009A4AFD /* Helper.swift */ = {isa = PBXFileReference; fileEncoding = 4; lastKnownFileType = sourcecode.swift; path = Helper.swift; sourceTree = "<group>"; };
		1487B44C1CE8563100734F78 /* RelativeNote.swift */ = {isa = PBXFileReference; fileEncoding = 4; lastKnownFileType = sourcecode.swift; path = RelativeNote.swift; sourceTree = "<group>"; };
		1487B44E1CE856A000734F78 /* AbsoluteNote.swift */ = {isa = PBXFileReference; fileEncoding = 4; lastKnownFileType = sourcecode.swift; path = AbsoluteNote.swift; sourceTree = "<group>"; };
		1487B46F1CE8A2E900734F78 /* SettingViewController.swift */ = {isa = PBXFileReference; fileEncoding = 4; lastKnownFileType = sourcecode.swift; path = SettingViewController.swift; sourceTree = "<group>"; };
		1487B4731CE8A69300734F78 /* SettingTableViewController.swift */ = {isa = PBXFileReference; fileEncoding = 4; lastKnownFileType = sourcecode.swift; path = SettingTableViewController.swift; sourceTree = "<group>"; };
		14A129AE1CE1896B0026B986 /* Chord.swift */ = {isa = PBXFileReference; fileEncoding = 4; lastKnownFileType = sourcecode.swift; path = Chord.swift; sourceTree = "<group>"; };
		14A129B01CE18A020026B986 /* ChordProgression.swift */ = {isa = PBXFileReference; fileEncoding = 4; lastKnownFileType = sourcecode.swift; path = ChordProgression.swift; sourceTree = "<group>"; };
		14A14C931CE176740043E54E /* ChordBox.app */ = {isa = PBXFileReference; explicitFileType = wrapper.application; includeInIndex = 0; path = ChordBox.app; sourceTree = BUILT_PRODUCTS_DIR; };
		14A14C961CE176740043E54E /* AppDelegate.swift */ = {isa = PBXFileReference; lastKnownFileType = sourcecode.swift; path = AppDelegate.swift; sourceTree = "<group>"; };
		14A14C981CE176740043E54E /* MasterViewController.swift */ = {isa = PBXFileReference; lastKnownFileType = sourcecode.swift; path = MasterViewController.swift; sourceTree = "<group>"; };
		14A14C9A1CE176740043E54E /* DetailViewController.swift */ = {isa = PBXFileReference; lastKnownFileType = sourcecode.swift; path = DetailViewController.swift; sourceTree = "<group>"; };
		14A14C9D1CE176740043E54E /* Base */ = {isa = PBXFileReference; lastKnownFileType = file.storyboard; name = Base; path = Base.lproj/Main.storyboard; sourceTree = "<group>"; };
		14A14C9F1CE176740043E54E /* Assets.xcassets */ = {isa = PBXFileReference; lastKnownFileType = folder.assetcatalog; path = Assets.xcassets; sourceTree = "<group>"; };
		14A14CA21CE176740043E54E /* Base */ = {isa = PBXFileReference; lastKnownFileType = file.storyboard; name = Base; path = Base.lproj/LaunchScreen.storyboard; sourceTree = "<group>"; };
		14A14CA41CE176740043E54E /* Info.plist */ = {isa = PBXFileReference; lastKnownFileType = text.plist.xml; path = Info.plist; sourceTree = "<group>"; };
		14BA0A291CE45841008D7A51 /* Constants.swift */ = {isa = PBXFileReference; fileEncoding = 4; lastKnownFileType = sourcecode.swift; path = Constants.swift; sourceTree = "<group>"; };
		A085F76B0196DA6D274AD4BD /* Pods-ChordBox.debug.xcconfig */ = {isa = PBXFileReference; includeInIndex = 1; lastKnownFileType = text.xcconfig; name = "Pods-ChordBox.debug.xcconfig"; path = "Pods/Target Support Files/Pods-ChordBox/Pods-ChordBox.debug.xcconfig"; sourceTree = "<group>"; };
		A6C9C8FAD0719D5DCE538783 /* Pods_ChordBox.framework */ = {isa = PBXFileReference; explicitFileType = wrapper.framework; includeInIndex = 0; path = Pods_ChordBox.framework; sourceTree = BUILT_PRODUCTS_DIR; };
		D8987BE43A5F6AB41EE3C415 /* Pods-ChordBox.release.xcconfig */ = {isa = PBXFileReference; includeInIndex = 1; lastKnownFileType = text.xcconfig; name = "Pods-ChordBox.release.xcconfig"; path = "Pods/Target Support Files/Pods-ChordBox/Pods-ChordBox.release.xcconfig"; sourceTree = "<group>"; };
/* End PBXFileReference section */

/* Begin PBXFrameworksBuildPhase section */
		141DEABC1CE9618E0043B47B /* Frameworks */ = {
			isa = PBXFrameworksBuildPhase;
			buildActionMask = 2147483647;
			files = (
			);
			runOnlyForDeploymentPostprocessing = 0;
		};
		14A14C901CE176740043E54E /* Frameworks */ = {
			isa = PBXFrameworksBuildPhase;
			buildActionMask = 2147483647;
			files = (
				5AE90E923A61F7F9408B9DDD /* Pods_ChordBox.framework in Frameworks */,
			);
			runOnlyForDeploymentPostprocessing = 0;
		};
/* End PBXFrameworksBuildPhase section */

/* Begin PBXGroup section */
		141DEAAD1CE8E69B0043B47B /* Extension */ = {
			isa = PBXGroup;
			children = (
				141DEAAB1CE8E6810043B47B /* Array.swift */,
			);
			name = Extension;
			sourceTree = "<group>";
		};
		141DEAB01CE8EDA90043B47B /* Protocol */ = {
			isa = PBXGroup;
			children = (
				141DEAAE1CE8ED9E0043B47B /* CallbackProtocol.swift */,
			);
			name = Protocol;
			sourceTree = "<group>";
		};
		141DEAB41CE9618E0043B47B /* Watch */ = {
			isa = PBXGroup;
			children = (
				141DEAB51CE9618E0043B47B /* Interface.storyboard */,
				141DEAB81CE9618E0043B47B /* Assets.xcassets */,
				141DEABA1CE9618E0043B47B /* Info.plist */,
			);
			path = Watch;
			sourceTree = "<group>";
		};
		141DEAC31CE9618E0043B47B /* Watch Extension */ = {
			isa = PBXGroup;
			children = (
				141DEADA1CE9A62F0043B47B /* Watch Extension.entitlements */,
				141DEAC41CE9618E0043B47B /* InterfaceController.swift */,
				141DEAC61CE9618E0043B47B /* ExtensionDelegate.swift */,
				141DEAE71CEA01DC0043B47B /* WatchSessionManager.swift */,
				141DEAC81CE9618E0043B47B /* Assets.xcassets */,
				141DEACA1CE9618E0043B47B /* Info.plist */,
			);
			path = "Watch Extension";
			sourceTree = "<group>";
		};
		1487B4501CE856C500734F78 /* Models */ = {
			isa = PBXGroup;
			children = (
				1487B44C1CE8563100734F78 /* RelativeNote.swift */,
				1487B44E1CE856A000734F78 /* AbsoluteNote.swift */,
				14A129AE1CE1896B0026B986 /* Chord.swift */,
				14A129B01CE18A020026B986 /* ChordProgression.swift */,
			);
			name = Models;
			sourceTree = "<group>";
		};
		1487B4711CE8A3A200734F78 /* Controllers */ = {
			isa = PBXGroup;
			children = (
				14A14C981CE176740043E54E /* MasterViewController.swift */,
				14A14C9A1CE176740043E54E /* DetailViewController.swift */,
				1487B46F1CE8A2E900734F78 /* SettingViewController.swift */,
				1487B4731CE8A69300734F78 /* SettingTableViewController.swift */,
			);
			name = Controllers;
			sourceTree = "<group>";
		};
		1487B4721CE8A43A00734F78 /* App */ = {
			isa = PBXGroup;
			children = (
				14A14C961CE176740043E54E /* AppDelegate.swift */,
				14A14C9C1CE176740043E54E /* Main.storyboard */,
				14A14C9F1CE176740043E54E /* Assets.xcassets */,
				14A14CA11CE176740043E54E /* LaunchScreen.storyboard */,
				14A14CA41CE176740043E54E /* Info.plist */,
				141DEAE41CE9AE860043B47B /* WatchSessionManager.swift */,
			);
			name = App;
			sourceTree = "<group>";
		};
		14A14C8A1CE176740043E54E = {
			isa = PBXGroup;
			children = (
				14A14C951CE176740043E54E /* ChordBox */,
				141DEAB41CE9618E0043B47B /* Watch */,
				141DEAC31CE9618E0043B47B /* Watch Extension */,
				14A14C941CE176740043E54E /* Products */,
				634AFEE93B56346B0971E265 /* Pods */,
				24B1F01E1CD43960CE653A5D /* Frameworks */,
			);
			sourceTree = "<group>";
		};
		14A14C941CE176740043E54E /* Products */ = {
			isa = PBXGroup;
			children = (
				14A14C931CE176740043E54E /* ChordBox.app */,
				141DEAB31CE9618D0043B47B /* Watch.app */,
				141DEABF1CE9618E0043B47B /* Watch Extension.appex */,
			);
			name = Products;
			sourceTree = "<group>";
		};
		14A14C951CE176740043E54E /* ChordBox */ = {
			isa = PBXGroup;
			children = (
				141DEADB1CE9A6DB0043B47B /* ChordBox.entitlements */,
				14302FA51CE1B5D900627562 /* chordData.csv */,
				1487B4721CE8A43A00734F78 /* App */,
				1487B4711CE8A3A200734F78 /* Controllers */,
				1487B4501CE856C500734F78 /* Models */,
				14BA0A291CE45841008D7A51 /* Constants.swift */,
				141DEAA91CE8E1DB0043B47B /* Configuration.swift */,
				145169921CE45DE2009A4AFD /* Helper.swift */,
				141DEAAD1CE8E69B0043B47B /* Extension */,
				141DEAB01CE8EDA90043B47B /* Protocol */,
			);
			path = ChordBox;
			sourceTree = "<group>";
		};
		24B1F01E1CD43960CE653A5D /* Frameworks */ = {
			isa = PBXGroup;
			children = (
				A6C9C8FAD0719D5DCE538783 /* Pods_ChordBox.framework */,
			);
			name = Frameworks;
			sourceTree = "<group>";
		};
		634AFEE93B56346B0971E265 /* Pods */ = {
			isa = PBXGroup;
			children = (
				A085F76B0196DA6D274AD4BD /* Pods-ChordBox.debug.xcconfig */,
				D8987BE43A5F6AB41EE3C415 /* Pods-ChordBox.release.xcconfig */,
			);
			name = Pods;
			sourceTree = "<group>";
		};
/* End PBXGroup section */

/* Begin PBXNativeTarget section */
		141DEAB21CE9618D0043B47B /* Watch */ = {
			isa = PBXNativeTarget;
			buildConfigurationList = 141DEAD21CE9618E0043B47B /* Build configuration list for PBXNativeTarget "Watch" */;
			buildPhases = (
				141DEAB11CE9618D0043B47B /* Resources */,
				141DEAD11CE9618E0043B47B /* Embed App Extensions */,
			);
			buildRules = (
			);
			dependencies = (
				141DEAC21CE9618E0043B47B /* PBXTargetDependency */,
			);
			name = Watch;
			productName = Watch;
			productReference = 141DEAB31CE9618D0043B47B /* Watch.app */;
			productType = "com.apple.product-type.application.watchapp2";
		};
		141DEABE1CE9618E0043B47B /* Watch Extension */ = {
			isa = PBXNativeTarget;
			buildConfigurationList = 141DEACE1CE9618E0043B47B /* Build configuration list for PBXNativeTarget "Watch Extension" */;
			buildPhases = (
				141DEABB1CE9618E0043B47B /* Sources */,
				141DEABC1CE9618E0043B47B /* Frameworks */,
				141DEABD1CE9618E0043B47B /* Resources */,
			);
			buildRules = (
			);
			dependencies = (
			);
			name = "Watch Extension";
			productName = "Watch Extension";
			productReference = 141DEABF1CE9618E0043B47B /* Watch Extension.appex */;
			productType = "com.apple.product-type.watchkit2-extension";
		};
		14A14C921CE176740043E54E /* ChordBox */ = {
			isa = PBXNativeTarget;
			buildConfigurationList = 14A14CA71CE176740043E54E /* Build configuration list for PBXNativeTarget "ChordBox" */;
			buildPhases = (
				9773A9A8D9ACECFB39853D96 /* 📦 Check Pods Manifest.lock */,
				14A14C8F1CE176740043E54E /* Sources */,
				14A14C901CE176740043E54E /* Frameworks */,
				14A14C911CE176740043E54E /* Resources */,
				3E51C95D989AD7F5605B1B60 /* 📦 Embed Pods Frameworks */,
				CC7C42B2C509BC5E4BA8AA46 /* 📦 Copy Pods Resources */,
				141DEAD51CE9618E0043B47B /* Embed Watch Content */,
			);
			buildRules = (
			);
			dependencies = (
				141DEACC1CE9618E0043B47B /* PBXTargetDependency */,
			);
			name = ChordBox;
			productName = ChordBox;
			productReference = 14A14C931CE176740043E54E /* ChordBox.app */;
			productType = "com.apple.product-type.application";
		};
/* End PBXNativeTarget section */

/* Begin PBXProject section */
		14A14C8B1CE176740043E54E /* Project object */ = {
			isa = PBXProject;
			attributes = {
				LastSwiftUpdateCheck = 0730;
				LastUpgradeCheck = 0730;
				ORGANIZATIONNAME = "Heron Yang";
				TargetAttributes = {
					141DEAB21CE9618D0043B47B = {
						CreatedOnToolsVersion = 7.3.1;
						DevelopmentTeam = 2XX3ZFN6CJ;
					};
					141DEABE1CE9618E0043B47B = {
						CreatedOnToolsVersion = 7.3.1;
						DevelopmentTeam = 2XX3ZFN6CJ;
						SystemCapabilities = {
							com.apple.ApplicationGroups.iOS = {
								enabled = 0;
							};
						};
					};
					14A14C921CE176740043E54E = {
						CreatedOnToolsVersion = 7.3.1;
						DevelopmentTeam = 2XX3ZFN6CJ;
						SystemCapabilities = {
							com.apple.ApplicationGroups.iOS = {
								enabled = 0;
							};
						};
					};
				};
			};
			buildConfigurationList = 14A14C8E1CE176740043E54E /* Build configuration list for PBXProject "ChordBox" */;
			compatibilityVersion = "Xcode 3.2";
			developmentRegion = English;
			hasScannedForEncodings = 0;
			knownRegions = (
				en,
				Base,
			);
			mainGroup = 14A14C8A1CE176740043E54E;
			productRefGroup = 14A14C941CE176740043E54E /* Products */;
			projectDirPath = "";
			projectRoot = "";
			targets = (
				14A14C921CE176740043E54E /* ChordBox */,
				141DEAB21CE9618D0043B47B /* Watch */,
				141DEABE1CE9618E0043B47B /* Watch Extension */,
			);
		};
/* End PBXProject section */

/* Begin PBXResourcesBuildPhase section */
		141DEAB11CE9618D0043B47B /* Resources */ = {
			isa = PBXResourcesBuildPhase;
			buildActionMask = 2147483647;
			files = (
				141DEAB91CE9618E0043B47B /* Assets.xcassets in Resources */,
				141DEAB71CE9618E0043B47B /* Interface.storyboard in Resources */,
			);
			runOnlyForDeploymentPostprocessing = 0;
		};
		141DEABD1CE9618E0043B47B /* Resources */ = {
			isa = PBXResourcesBuildPhase;
			buildActionMask = 2147483647;
			files = (
				141DEAC91CE9618E0043B47B /* Assets.xcassets in Resources */,
			);
			runOnlyForDeploymentPostprocessing = 0;
		};
		14A14C911CE176740043E54E /* Resources */ = {
			isa = PBXResourcesBuildPhase;
			buildActionMask = 2147483647;
			files = (
				14A14CA31CE176740043E54E /* LaunchScreen.storyboard in Resources */,
				14302FA61CE1B5D900627562 /* chordData.csv in Resources */,
				14A14CA01CE176740043E54E /* Assets.xcassets in Resources */,
				14A14C9E1CE176740043E54E /* Main.storyboard in Resources */,
			);
			runOnlyForDeploymentPostprocessing = 0;
		};
/* End PBXResourcesBuildPhase section */

/* Begin PBXShellScriptBuildPhase section */
		3E51C95D989AD7F5605B1B60 /* 📦 Embed Pods Frameworks */ = {
			isa = PBXShellScriptBuildPhase;
			buildActionMask = 2147483647;
			files = (
			);
			inputPaths = (
			);
			name = "📦 Embed Pods Frameworks";
			outputPaths = (
			);
			runOnlyForDeploymentPostprocessing = 0;
			shellPath = /bin/sh;
			shellScript = "\"${SRCROOT}/Pods/Target Support Files/Pods-ChordBox/Pods-ChordBox-frameworks.sh\"\n";
			showEnvVarsInLog = 0;
		};
		9773A9A8D9ACECFB39853D96 /* 📦 Check Pods Manifest.lock */ = {
			isa = PBXShellScriptBuildPhase;
			buildActionMask = 2147483647;
			files = (
			);
			inputPaths = (
			);
			name = "📦 Check Pods Manifest.lock";
			outputPaths = (
			);
			runOnlyForDeploymentPostprocessing = 0;
			shellPath = /bin/sh;
			shellScript = "diff \"${PODS_ROOT}/../Podfile.lock\" \"${PODS_ROOT}/Manifest.lock\" > /dev/null\nif [[ $? != 0 ]] ; then\n    cat << EOM\nerror: The sandbox is not in sync with the Podfile.lock. Run 'pod install' or update your CocoaPods installation.\nEOM\n    exit 1\nfi\n";
			showEnvVarsInLog = 0;
		};
		CC7C42B2C509BC5E4BA8AA46 /* 📦 Copy Pods Resources */ = {
			isa = PBXShellScriptBuildPhase;
			buildActionMask = 2147483647;
			files = (
			);
			inputPaths = (
			);
			name = "📦 Copy Pods Resources";
			outputPaths = (
			);
			runOnlyForDeploymentPostprocessing = 0;
			shellPath = /bin/sh;
			shellScript = "\"${SRCROOT}/Pods/Target Support Files/Pods-ChordBox/Pods-ChordBox-resources.sh\"\n";
			showEnvVarsInLog = 0;
		};
/* End PBXShellScriptBuildPhase section */

/* Begin PBXSourcesBuildPhase section */
		141DEABB1CE9618E0043B47B /* Sources */ = {
			isa = PBXSourcesBuildPhase;
			buildActionMask = 2147483647;
			files = (
				141DEAEB1CEAC1350043B47B /* WatchSessionManager.swift in Sources */,
				141DEAE11CE9A9B10043B47B /* Constants.swift in Sources */,
				141DEAE21CE9A9B10043B47B /* Configuration.swift in Sources */,
				141DEAE31CE9A9B10043B47B /* Helper.swift in Sources */,
				141DEADD1CE9A9930043B47B /* RelativeNote.swift in Sources */,
				141DEADE1CE9A9930043B47B /* AbsoluteNote.swift in Sources */,
				141DEADF1CE9A9930043B47B /* Chord.swift in Sources */,
				141DEAE01CE9A9930043B47B /* ChordProgression.swift in Sources */,
				141DEAC71CE9618E0043B47B /* ExtensionDelegate.swift in Sources */,
				141DEAC51CE9618E0043B47B /* InterfaceController.swift in Sources */,
			);
			runOnlyForDeploymentPostprocessing = 0;
		};
		14A14C8F1CE176740043E54E /* Sources */ = {
			isa = PBXSourcesBuildPhase;
			buildActionMask = 2147483647;
			files = (
				1487B44F1CE856A000734F78 /* AbsoluteNote.swift in Sources */,
				14A14C9B1CE176740043E54E /* DetailViewController.swift in Sources */,
				14A14C991CE176740043E54E /* MasterViewController.swift in Sources */,
				14A129B11CE18A020026B986 /* ChordProgression.swift in Sources */,
				141DEAAF1CE8ED9E0043B47B /* CallbackProtocol.swift in Sources */,
				14A129AF1CE1896B0026B986 /* Chord.swift in Sources */,
				1487B4701CE8A2E900734F78 /* SettingViewController.swift in Sources */,
				141DEAAA1CE8E1DB0043B47B /* Configuration.swift in Sources */,
				14BA0A2A1CE45841008D7A51 /* Constants.swift in Sources */,
				141DEAE51CE9AE860043B47B /* WatchSessionManager.swift in Sources */,
				1487B4741CE8A69300734F78 /* SettingTableViewController.swift in Sources */,
				141DEAAC1CE8E6810043B47B /* Array.swift in Sources */,
				14A14C971CE176740043E54E /* AppDelegate.swift in Sources */,
				1487B44D1CE8563100734F78 /* RelativeNote.swift in Sources */,
				145169931CE45DE2009A4AFD /* Helper.swift in Sources */,
			);
			runOnlyForDeploymentPostprocessing = 0;
		};
/* End PBXSourcesBuildPhase section */

/* Begin PBXTargetDependency section */
		141DEAC21CE9618E0043B47B /* PBXTargetDependency */ = {
			isa = PBXTargetDependency;
			target = 141DEABE1CE9618E0043B47B /* Watch Extension */;
			targetProxy = 141DEAC11CE9618E0043B47B /* PBXContainerItemProxy */;
		};
		141DEACC1CE9618E0043B47B /* PBXTargetDependency */ = {
			isa = PBXTargetDependency;
			target = 141DEAB21CE9618D0043B47B /* Watch */;
			targetProxy = 141DEACB1CE9618E0043B47B /* PBXContainerItemProxy */;
		};
/* End PBXTargetDependency section */

/* Begin PBXVariantGroup section */
		141DEAB51CE9618E0043B47B /* Interface.storyboard */ = {
			isa = PBXVariantGroup;
			children = (
				141DEAB61CE9618E0043B47B /* Base */,
			);
			name = Interface.storyboard;
			sourceTree = "<group>";
		};
		14A14C9C1CE176740043E54E /* Main.storyboard */ = {
			isa = PBXVariantGroup;
			children = (
				14A14C9D1CE176740043E54E /* Base */,
			);
			name = Main.storyboard;
			sourceTree = "<group>";
		};
		14A14CA11CE176740043E54E /* LaunchScreen.storyboard */ = {
			isa = PBXVariantGroup;
			children = (
				14A14CA21CE176740043E54E /* Base */,
			);
			name = LaunchScreen.storyboard;
			sourceTree = "<group>";
		};
/* End PBXVariantGroup section */

/* Begin XCBuildConfiguration section */
		141DEACF1CE9618E0043B47B /* Debug */ = {
			isa = XCBuildConfiguration;
			buildSettings = {
				CODE_SIGN_ENTITLEMENTS = "Watch Extension/Watch Extension.entitlements";
				INFOPLIST_FILE = "Watch Extension/Info.plist";
				LD_RUNPATH_SEARCH_PATHS = "$(inherited) @executable_path/Frameworks @executable_path/../../Frameworks";
				PRODUCT_BUNDLE_IDENTIFIER = me.heron.ChordBox.watchkitapp.watchkitextension;
				PRODUCT_NAME = "${TARGET_NAME}";
				SDKROOT = watchos;
				SKIP_INSTALL = YES;
				TARGETED_DEVICE_FAMILY = 4;
				WATCHOS_DEPLOYMENT_TARGET = 2.2;
			};
			name = Debug;
		};
		141DEAD01CE9618E0043B47B /* Release */ = {
			isa = XCBuildConfiguration;
			buildSettings = {
				CODE_SIGN_ENTITLEMENTS = "Watch Extension/Watch Extension.entitlements";
				INFOPLIST_FILE = "Watch Extension/Info.plist";
				LD_RUNPATH_SEARCH_PATHS = "$(inherited) @executable_path/Frameworks @executable_path/../../Frameworks";
				PRODUCT_BUNDLE_IDENTIFIER = me.heron.ChordBox.watchkitapp.watchkitextension;
				PRODUCT_NAME = "${TARGET_NAME}";
				SDKROOT = watchos;
				SKIP_INSTALL = YES;
				TARGETED_DEVICE_FAMILY = 4;
				WATCHOS_DEPLOYMENT_TARGET = 2.2;
			};
			name = Release;
		};
		141DEAD31CE9618E0043B47B /* Debug */ = {
			isa = XCBuildConfiguration;
			buildSettings = {
				ASSETCATALOG_COMPILER_APPICON_NAME = AppIcon;
				CODE_SIGN_IDENTITY = "iPhone Developer";
				"CODE_SIGN_IDENTITY[sdk=iphoneos*]" = "iPhone Developer";
				EMBEDDED_CONTENT_CONTAINS_SWIFT = YES;
				IBSC_MODULE = Watch_Extension;
				INFOPLIST_FILE = Watch/Info.plist;
				PRODUCT_BUNDLE_IDENTIFIER = me.heron.ChordBox.watchkitapp;
				PRODUCT_NAME = "$(TARGET_NAME)";
				SDKROOT = watchos;
				SKIP_INSTALL = YES;
				TARGETED_DEVICE_FAMILY = 4;
				WATCHOS_DEPLOYMENT_TARGET = 2.2;
			};
			name = Debug;
		};
		141DEAD41CE9618E0043B47B /* Release */ = {
			isa = XCBuildConfiguration;
			buildSettings = {
				ASSETCATALOG_COMPILER_APPICON_NAME = AppIcon;
				CODE_SIGN_IDENTITY = "iPhone Developer";
				"CODE_SIGN_IDENTITY[sdk=iphoneos*]" = "iPhone Developer";
				EMBEDDED_CONTENT_CONTAINS_SWIFT = YES;
				IBSC_MODULE = Watch_Extension;
				INFOPLIST_FILE = Watch/Info.plist;
				PRODUCT_BUNDLE_IDENTIFIER = me.heron.ChordBox.watchkitapp;
				PRODUCT_NAME = "$(TARGET_NAME)";
				SDKROOT = watchos;
				SKIP_INSTALL = YES;
				TARGETED_DEVICE_FAMILY = 4;
				WATCHOS_DEPLOYMENT_TARGET = 2.2;
			};
			name = Release;
		};
		14A14CA51CE176740043E54E /* Debug */ = {
			isa = XCBuildConfiguration;
			buildSettings = {
				ALWAYS_SEARCH_USER_PATHS = NO;
				CLANG_ANALYZER_NONNULL = YES;
				CLANG_CXX_LANGUAGE_STANDARD = "gnu++0x";
				CLANG_CXX_LIBRARY = "libc++";
				CLANG_ENABLE_MODULES = YES;
				CLANG_ENABLE_OBJC_ARC = YES;
				CLANG_WARN_BOOL_CONVERSION = YES;
				CLANG_WARN_CONSTANT_CONVERSION = YES;
				CLANG_WARN_DIRECT_OBJC_ISA_USAGE = YES_ERROR;
				CLANG_WARN_EMPTY_BODY = YES;
				CLANG_WARN_ENUM_CONVERSION = YES;
				CLANG_WARN_INT_CONVERSION = YES;
				CLANG_WARN_OBJC_ROOT_CLASS = YES_ERROR;
				CLANG_WARN_UNREACHABLE_CODE = YES;
				CLANG_WARN__DUPLICATE_METHOD_MATCH = YES;
				"CODE_SIGN_IDENTITY[sdk=iphoneos*]" = "iPhone Developer";
				COPY_PHASE_STRIP = NO;
				DEBUG_INFORMATION_FORMAT = dwarf;
				ENABLE_STRICT_OBJC_MSGSEND = YES;
				ENABLE_TESTABILITY = YES;
				GCC_C_LANGUAGE_STANDARD = gnu99;
				GCC_DYNAMIC_NO_PIC = NO;
				GCC_NO_COMMON_BLOCKS = YES;
				GCC_OPTIMIZATION_LEVEL = 0;
				GCC_PREPROCESSOR_DEFINITIONS = (
					"DEBUG=1",
					"$(inherited)",
				);
				GCC_WARN_64_TO_32_BIT_CONVERSION = YES;
				GCC_WARN_ABOUT_RETURN_TYPE = YES_ERROR;
				GCC_WARN_UNDECLARED_SELECTOR = YES;
				GCC_WARN_UNINITIALIZED_AUTOS = YES_AGGRESSIVE;
				GCC_WARN_UNUSED_FUNCTION = YES;
				GCC_WARN_UNUSED_VARIABLE = YES;
				IPHONEOS_DEPLOYMENT_TARGET = 9.3;
				MTL_ENABLE_DEBUG_INFO = YES;
				ONLY_ACTIVE_ARCH = YES;
				SDKROOT = iphoneos;
				SWIFT_OPTIMIZATION_LEVEL = "-Onone";
				TARGETED_DEVICE_FAMILY = "1,2";
			};
			name = Debug;
		};
		14A14CA61CE176740043E54E /* Release */ = {
			isa = XCBuildConfiguration;
			buildSettings = {
				ALWAYS_SEARCH_USER_PATHS = NO;
				CLANG_ANALYZER_NONNULL = YES;
				CLANG_CXX_LANGUAGE_STANDARD = "gnu++0x";
				CLANG_CXX_LIBRARY = "libc++";
				CLANG_ENABLE_MODULES = YES;
				CLANG_ENABLE_OBJC_ARC = YES;
				CLANG_WARN_BOOL_CONVERSION = YES;
				CLANG_WARN_CONSTANT_CONVERSION = YES;
				CLANG_WARN_DIRECT_OBJC_ISA_USAGE = YES_ERROR;
				CLANG_WARN_EMPTY_BODY = YES;
				CLANG_WARN_ENUM_CONVERSION = YES;
				CLANG_WARN_INT_CONVERSION = YES;
				CLANG_WARN_OBJC_ROOT_CLASS = YES_ERROR;
				CLANG_WARN_UNREACHABLE_CODE = YES;
				CLANG_WARN__DUPLICATE_METHOD_MATCH = YES;
				"CODE_SIGN_IDENTITY[sdk=iphoneos*]" = "iPhone Developer";
				COPY_PHASE_STRIP = NO;
				DEBUG_INFORMATION_FORMAT = "dwarf-with-dsym";
				ENABLE_NS_ASSERTIONS = NO;
				ENABLE_STRICT_OBJC_MSGSEND = YES;
				GCC_C_LANGUAGE_STANDARD = gnu99;
				GCC_NO_COMMON_BLOCKS = YES;
				GCC_WARN_64_TO_32_BIT_CONVERSION = YES;
				GCC_WARN_ABOUT_RETURN_TYPE = YES_ERROR;
				GCC_WARN_UNDECLARED_SELECTOR = YES;
				GCC_WARN_UNINITIALIZED_AUTOS = YES_AGGRESSIVE;
				GCC_WARN_UNUSED_FUNCTION = YES;
				GCC_WARN_UNUSED_VARIABLE = YES;
				IPHONEOS_DEPLOYMENT_TARGET = 9.3;
				MTL_ENABLE_DEBUG_INFO = NO;
				SDKROOT = iphoneos;
				TARGETED_DEVICE_FAMILY = "1,2";
				VALIDATE_PRODUCT = YES;
			};
			name = Release;
		};
		14A14CA81CE176740043E54E /* Debug */ = {
			isa = XCBuildConfiguration;
			baseConfigurationReference = A085F76B0196DA6D274AD4BD /* Pods-ChordBox.debug.xcconfig */;
			buildSettings = {
				ASSETCATALOG_COMPILER_APPICON_NAME = AppIcon;
				CODE_SIGN_ENTITLEMENTS = ChordBox/ChordBox.entitlements;
				CODE_SIGN_IDENTITY = "iPhone Developer";
				"CODE_SIGN_IDENTITY[sdk=iphoneos*]" = "iPhone Developer";
				INFOPLIST_FILE = ChordBox/Info.plist;
				LD_RUNPATH_SEARCH_PATHS = "$(inherited) @executable_path/Frameworks";
				PRODUCT_BUNDLE_IDENTIFIER = me.heron.ChordBox;
				PRODUCT_NAME = "$(TARGET_NAME)";
				PROVISIONING_PROFILE = "";
			};
			name = Debug;
		};
		14A14CA91CE176740043E54E /* Release */ = {
			isa = XCBuildConfiguration;
			baseConfigurationReference = D8987BE43A5F6AB41EE3C415 /* Pods-ChordBox.release.xcconfig */;
			buildSettings = {
				ASSETCATALOG_COMPILER_APPICON_NAME = AppIcon;
				CODE_SIGN_ENTITLEMENTS = ChordBox/ChordBox.entitlements;
				CODE_SIGN_IDENTITY = "iPhone Developer";
				"CODE_SIGN_IDENTITY[sdk=iphoneos*]" = "iPhone Developer";
				INFOPLIST_FILE = ChordBox/Info.plist;
				LD_RUNPATH_SEARCH_PATHS = "$(inherited) @executable_path/Frameworks";
				PRODUCT_BUNDLE_IDENTIFIER = me.heron.ChordBox;
				PRODUCT_NAME = "$(TARGET_NAME)";
				PROVISIONING_PROFILE = "";
			};
			name = Release;
		};
/* End XCBuildConfiguration section */

/* Begin XCConfigurationList section */
		141DEACE1CE9618E0043B47B /* Build configuration list for PBXNativeTarget "Watch Extension" */ = {
			isa = XCConfigurationList;
			buildConfigurations = (
				141DEACF1CE9618E0043B47B /* Debug */,
				141DEAD01CE9618E0043B47B /* Release */,
			);
			defaultConfigurationIsVisible = 0;
		};
		141DEAD21CE9618E0043B47B /* Build configuration list for PBXNativeTarget "Watch" */ = {
			isa = XCConfigurationList;
			buildConfigurations = (
				141DEAD31CE9618E0043B47B /* Debug */,
				141DEAD41CE9618E0043B47B /* Release */,
			);
			defaultConfigurationIsVisible = 0;
		};
		14A14C8E1CE176740043E54E /* Build configuration list for PBXProject "ChordBox" */ = {
			isa = XCConfigurationList;
			buildConfigurations = (
				14A14CA51CE176740043E54E /* Debug */,
				14A14CA61CE176740043E54E /* Release */,
			);
			defaultConfigurationIsVisible = 0;
			defaultConfigurationName = Release;
		};
		14A14CA71CE176740043E54E /* Build configuration list for PBXNativeTarget "ChordBox" */ = {
			isa = XCConfigurationList;
			buildConfigurations = (
				14A14CA81CE176740043E54E /* Debug */,
				14A14CA91CE176740043E54E /* Release */,
			);
			defaultConfigurationIsVisible = 0;
			defaultConfigurationName = Release;
		};
/* End XCConfigurationList section */
	};
	rootObject = 14A14C8B1CE176740043E54E /* Project object */;
}
